// !$*UTF8*$!
{
	archiveVersion = 1;
	classes = {
	};
	objectVersion = 56;
	objects = {

/* Begin PBXBuildFile section */
		7D60D3272AECEA0E007B6513 /* SwiftUI_Viper_TemplateApp.swift in Sources */ = {isa = PBXBuildFile; fileRef = 7D60D3262AECEA0E007B6513 /* SwiftUI_Viper_TemplateApp.swift */; };
		7D60D32B2AECEA10007B6513 /* Assets.xcassets in Resources */ = {isa = PBXBuildFile; fileRef = 7D60D32A2AECEA10007B6513 /* Assets.xcassets */; };
		7D60D32F2AECEA10007B6513 /* Preview Assets.xcassets in Resources */ = {isa = PBXBuildFile; fileRef = 7D60D32E2AECEA10007B6513 /* Preview Assets.xcassets */; };
		7D60D34A2AECEFB8007B6513 /* Interactor.swift in Sources */ = {isa = PBXBuildFile; fileRef = 7D60D3452AECEFB8007B6513 /* Interactor.swift */; };
		7D60D34B2AECEFB8007B6513 /* Services.swift in Sources */ = {isa = PBXBuildFile; fileRef = 7D60D3462AECEFB8007B6513 /* Services.swift */; };
		7D60D34C2AECEFB8007B6513 /* Constants.swift in Sources */ = {isa = PBXBuildFile; fileRef = 7D60D3472AECEFB8007B6513 /* Constants.swift */; };
		7D60D34D2AECEFB8007B6513 /* AppData.swift in Sources */ = {isa = PBXBuildFile; fileRef = 7D60D3482AECEFB8007B6513 /* AppData.swift */; };
		7D60D34E2AECEFB8007B6513 /* AppController.swift in Sources */ = {isa = PBXBuildFile; fileRef = 7D60D3492AECEFB8007B6513 /* AppController.swift */; };
		7D60D3502AECF03D007B6513 /* Coordinator.swift in Sources */ = {isa = PBXBuildFile; fileRef = 7D60D34F2AECF03D007B6513 /* Coordinator.swift */; };
		7D60D3532AECF070007B6513 /* AppCoordinator.swift in Sources */ = {isa = PBXBuildFile; fileRef = 7D60D3522AECF070007B6513 /* AppCoordinator.swift */; };
		7D60D3592AECF124007B6513 /* MainScreenRouter.swift in Sources */ = {isa = PBXBuildFile; fileRef = 7D60D3542AECF124007B6513 /* MainScreenRouter.swift */; };
		7D60D35A2AECF124007B6513 /* MainScreenWireframe.swift in Sources */ = {isa = PBXBuildFile; fileRef = 7D60D3552AECF124007B6513 /* MainScreenWireframe.swift */; };
		7D60D35B2AECF124007B6513 /* MainScreenInteractor.swift in Sources */ = {isa = PBXBuildFile; fileRef = 7D60D3562AECF124007B6513 /* MainScreenInteractor.swift */; };
		7D60D35C2AECF124007B6513 /* MainScreenPresenter.swift in Sources */ = {isa = PBXBuildFile; fileRef = 7D60D3572AECF124007B6513 /* MainScreenPresenter.swift */; };
		7D60D35D2AECF124007B6513 /* MainScreenView.swift in Sources */ = {isa = PBXBuildFile; fileRef = 7D60D3582AECF124007B6513 /* MainScreenView.swift */; };
		7D60D35F2AECF1A7007B6513 /* OnFirstAppear.swift in Sources */ = {isa = PBXBuildFile; fileRef = 7D60D35E2AECF1A7007B6513 /* OnFirstAppear.swift */; };
		7D60D36F2AECF1E2007B6513 /* UIWindow+Extension.swift in Sources */ = {isa = PBXBuildFile; fileRef = 7D60D3612AECF1E2007B6513 /* UIWindow+Extension.swift */; };
		7D60D3702AECF1E2007B6513 /* UIImage+BlurHash.swift in Sources */ = {isa = PBXBuildFile; fileRef = 7D60D3622AECF1E2007B6513 /* UIImage+BlurHash.swift */; };
		7D60D3712AECF1E2007B6513 /* UINavigationController+Extension.swift in Sources */ = {isa = PBXBuildFile; fileRef = 7D60D3632AECF1E2007B6513 /* UINavigationController+Extension.swift */; };
		7D60D3722AECF1E2007B6513 /* Int+Extension.swift in Sources */ = {isa = PBXBuildFile; fileRef = 7D60D3652AECF1E2007B6513 /* Int+Extension.swift */; };
		7D60D3732AECF1E2007B6513 /* Date+Extension.swift in Sources */ = {isa = PBXBuildFile; fileRef = 7D60D3662AECF1E2007B6513 /* Date+Extension.swift */; };
		7D60D3742AECF1E2007B6513 /* Error+Extension.swift in Sources */ = {isa = PBXBuildFile; fileRef = 7D60D3672AECF1E2007B6513 /* Error+Extension.swift */; };
		7D60D3752AECF1E2007B6513 /* Encodable+Extension.swift in Sources */ = {isa = PBXBuildFile; fileRef = 7D60D3682AECF1E2007B6513 /* Encodable+Extension.swift */; };
		7D60D3762AECF1E2007B6513 /* Locale+Extension.swift in Sources */ = {isa = PBXBuildFile; fileRef = 7D60D3692AECF1E2007B6513 /* Locale+Extension.swift */; };
		7D60D3772AECF1E2007B6513 /* Data+Extension.swift in Sources */ = {isa = PBXBuildFile; fileRef = 7D60D36A2AECF1E2007B6513 /* Data+Extension.swift */; };
		7D60D3782AECF1E2007B6513 /* Array+Extension.swift in Sources */ = {isa = PBXBuildFile; fileRef = 7D60D36B2AECF1E2007B6513 /* Array+Extension.swift */; };
		7D60D3792AECF1E2007B6513 /* Response+Extension.swift in Sources */ = {isa = PBXBuildFile; fileRef = 7D60D36D2AECF1E2007B6513 /* Response+Extension.swift */; };
		7D60D37C2AECF23D007B6513 /* CombineMoya in Frameworks */ = {isa = PBXBuildFile; productRef = 7D60D37B2AECF23D007B6513 /* CombineMoya */; };
		7D60D37E2AECF23D007B6513 /* Moya in Frameworks */ = {isa = PBXBuildFile; productRef = 7D60D37D2AECF23D007B6513 /* Moya */; };
		7D60D3802AECF23D007B6513 /* ReactiveMoya in Frameworks */ = {isa = PBXBuildFile; productRef = 7D60D37F2AECF23D007B6513 /* ReactiveMoya */; };
		7D60D3822AECF23D007B6513 /* RxMoya in Frameworks */ = {isa = PBXBuildFile; productRef = 7D60D3812AECF23D007B6513 /* RxMoya */; };
		7D60D3962AECF439007B6513 /* Networking.swift in Sources */ = {isa = PBXBuildFile; fileRef = 7D60D3832AECF439007B6513 /* Networking.swift */; };
		7D60D3972AECF439007B6513 /* SomeAuthenticator.swift in Sources */ = {isa = PBXBuildFile; fileRef = 7D60D3852AECF439007B6513 /* SomeAuthenticator.swift */; };
		7D60D3982AECF439007B6513 /* Authenticating.swift in Sources */ = {isa = PBXBuildFile; fileRef = 7D60D3862AECF439007B6513 /* Authenticating.swift */; };
		7D60D3992AECF439007B6513 /* NetworkManager.swift in Sources */ = {isa = PBXBuildFile; fileRef = 7D60D3872AECF439007B6513 /* NetworkManager.swift */; };
		7D60D39A2AECF439007B6513 /* NetworkManager+Debug.swift in Sources */ = {isa = PBXBuildFile; fileRef = 7D60D3882AECF439007B6513 /* NetworkManager+Debug.swift */; };
		7D60D39B2AECF439007B6513 /* JsonResolver.swift in Sources */ = {isa = PBXBuildFile; fileRef = 7D60D38A2AECF439007B6513 /* JsonResolver.swift */; };
		7D60D39C2AECF439007B6513 /* DataProviders.swift in Sources */ = {isa = PBXBuildFile; fileRef = 7D60D38C2AECF439007B6513 /* DataProviders.swift */; };
		7D60D39D2AECF439007B6513 /* DataProviding.swift in Sources */ = {isa = PBXBuildFile; fileRef = 7D60D38D2AECF439007B6513 /* DataProviding.swift */; };
		7D60D3A02AECF439007B6513 /* TargetEndPoint.swift in Sources */ = {isa = PBXBuildFile; fileRef = 7D60D3912AECF439007B6513 /* TargetEndPoint.swift */; };
		7D60D3A12AECF439007B6513 /* APIError.swift in Sources */ = {isa = PBXBuildFile; fileRef = 7D60D3932AECF439007B6513 /* APIError.swift */; };
		7D60D3A22AECF439007B6513 /* Errorable.swift in Sources */ = {isa = PBXBuildFile; fileRef = 7D60D3942AECF439007B6513 /* Errorable.swift */; };
		7D60D3A32AECF439007B6513 /* PredefinedError.swift in Sources */ = {isa = PBXBuildFile; fileRef = 7D60D3952AECF439007B6513 /* PredefinedError.swift */; };
		7D60D3A52AECF5C5007B6513 /* Config.swift in Sources */ = {isa = PBXBuildFile; fileRef = 7D60D3A42AECF5C5007B6513 /* Config.swift */; };
		7D60D3A72AECF643007B6513 /* Mocks.swift in Sources */ = {isa = PBXBuildFile; fileRef = 7D60D3A62AECF643007B6513 /* Mocks.swift */; };
		7D60D3A92AEE34E6007B6513 /* String+Extension.swift in Sources */ = {isa = PBXBuildFile; fileRef = 7D60D3A82AEE34E6007B6513 /* String+Extension.swift */; };
		7D60D3AE2AEED6FE007B6513 /* View+Extension.swift in Sources */ = {isa = PBXBuildFile; fileRef = 7D60D3AD2AEED6FE007B6513 /* View+Extension.swift */; };
		7D60D3B02AEEE1D0007B6513 /* PreviewUtilities.swift in Sources */ = {isa = PBXBuildFile; fileRef = 7D60D3AF2AEEE1D0007B6513 /* PreviewUtilities.swift */; };
		7DF17D932AF01FBF00635B62 /* DemoView.swift in Sources */ = {isa = PBXBuildFile; fileRef = 7DF17D922AF01FBF00635B62 /* DemoView.swift */; };
		7DF17D972AF0203100635B62 /* DemoService.swift in Sources */ = {isa = PBXBuildFile; fileRef = 7DF17D962AF0203100635B62 /* DemoService.swift */; };
		7DF17D9A2AF0205D00635B62 /* DemoModel.swift in Sources */ = {isa = PBXBuildFile; fileRef = 7DF17D992AF0205D00635B62 /* DemoModel.swift */; };
/* End PBXBuildFile section */

/* Begin PBXFileReference section */
		7D60D3232AECEA0E007B6513 /* SwiftUI-Viper-Template.app */ = {isa = PBXFileReference; explicitFileType = wrapper.application; includeInIndex = 0; path = "SwiftUI-Viper-Template.app"; sourceTree = BUILT_PRODUCTS_DIR; };
		7D60D3262AECEA0E007B6513 /* SwiftUI_Viper_TemplateApp.swift */ = {isa = PBXFileReference; lastKnownFileType = sourcecode.swift; path = SwiftUI_Viper_TemplateApp.swift; sourceTree = "<group>"; };
		7D60D32A2AECEA10007B6513 /* Assets.xcassets */ = {isa = PBXFileReference; lastKnownFileType = folder.assetcatalog; path = Assets.xcassets; sourceTree = "<group>"; };
		7D60D32C2AECEA10007B6513 /* SwiftUI_Viper_Template.entitlements */ = {isa = PBXFileReference; lastKnownFileType = text.plist.entitlements; path = SwiftUI_Viper_Template.entitlements; sourceTree = "<group>"; };
		7D60D32E2AECEA10007B6513 /* Preview Assets.xcassets */ = {isa = PBXFileReference; lastKnownFileType = folder.assetcatalog; path = "Preview Assets.xcassets"; sourceTree = "<group>"; };
		7D60D3452AECEFB8007B6513 /* Interactor.swift */ = {isa = PBXFileReference; fileEncoding = 4; lastKnownFileType = sourcecode.swift; path = Interactor.swift; sourceTree = "<group>"; };
		7D60D3462AECEFB8007B6513 /* Services.swift */ = {isa = PBXFileReference; fileEncoding = 4; lastKnownFileType = sourcecode.swift; path = Services.swift; sourceTree = "<group>"; };
		7D60D3472AECEFB8007B6513 /* Constants.swift */ = {isa = PBXFileReference; fileEncoding = 4; lastKnownFileType = sourcecode.swift; path = Constants.swift; sourceTree = "<group>"; };
		7D60D3482AECEFB8007B6513 /* AppData.swift */ = {isa = PBXFileReference; fileEncoding = 4; lastKnownFileType = sourcecode.swift; path = AppData.swift; sourceTree = "<group>"; };
		7D60D3492AECEFB8007B6513 /* AppController.swift */ = {isa = PBXFileReference; fileEncoding = 4; lastKnownFileType = sourcecode.swift; path = AppController.swift; sourceTree = "<group>"; };
		7D60D34F2AECF03D007B6513 /* Coordinator.swift */ = {isa = PBXFileReference; fileEncoding = 4; lastKnownFileType = sourcecode.swift; path = Coordinator.swift; sourceTree = "<group>"; };
		7D60D3522AECF070007B6513 /* AppCoordinator.swift */ = {isa = PBXFileReference; fileEncoding = 4; lastKnownFileType = sourcecode.swift; path = AppCoordinator.swift; sourceTree = "<group>"; };
		7D60D3542AECF124007B6513 /* MainScreenRouter.swift */ = {isa = PBXFileReference; fileEncoding = 4; lastKnownFileType = sourcecode.swift; path = MainScreenRouter.swift; sourceTree = "<group>"; };
		7D60D3552AECF124007B6513 /* MainScreenWireframe.swift */ = {isa = PBXFileReference; fileEncoding = 4; lastKnownFileType = sourcecode.swift; path = MainScreenWireframe.swift; sourceTree = "<group>"; };
		7D60D3562AECF124007B6513 /* MainScreenInteractor.swift */ = {isa = PBXFileReference; fileEncoding = 4; lastKnownFileType = sourcecode.swift; path = MainScreenInteractor.swift; sourceTree = "<group>"; };
		7D60D3572AECF124007B6513 /* MainScreenPresenter.swift */ = {isa = PBXFileReference; fileEncoding = 4; lastKnownFileType = sourcecode.swift; path = MainScreenPresenter.swift; sourceTree = "<group>"; };
		7D60D3582AECF124007B6513 /* MainScreenView.swift */ = {isa = PBXFileReference; fileEncoding = 4; lastKnownFileType = sourcecode.swift; path = MainScreenView.swift; sourceTree = "<group>"; };
		7D60D35E2AECF1A7007B6513 /* OnFirstAppear.swift */ = {isa = PBXFileReference; fileEncoding = 4; lastKnownFileType = sourcecode.swift; path = OnFirstAppear.swift; sourceTree = "<group>"; };
		7D60D3612AECF1E2007B6513 /* UIWindow+Extension.swift */ = {isa = PBXFileReference; fileEncoding = 4; lastKnownFileType = sourcecode.swift; path = "UIWindow+Extension.swift"; sourceTree = "<group>"; };
		7D60D3622AECF1E2007B6513 /* UIImage+BlurHash.swift */ = {isa = PBXFileReference; fileEncoding = 4; lastKnownFileType = sourcecode.swift; path = "UIImage+BlurHash.swift"; sourceTree = "<group>"; };
		7D60D3632AECF1E2007B6513 /* UINavigationController+Extension.swift */ = {isa = PBXFileReference; fileEncoding = 4; lastKnownFileType = sourcecode.swift; path = "UINavigationController+Extension.swift"; sourceTree = "<group>"; };
		7D60D3652AECF1E2007B6513 /* Int+Extension.swift */ = {isa = PBXFileReference; fileEncoding = 4; lastKnownFileType = sourcecode.swift; path = "Int+Extension.swift"; sourceTree = "<group>"; };
		7D60D3662AECF1E2007B6513 /* Date+Extension.swift */ = {isa = PBXFileReference; fileEncoding = 4; lastKnownFileType = sourcecode.swift; path = "Date+Extension.swift"; sourceTree = "<group>"; };
		7D60D3672AECF1E2007B6513 /* Error+Extension.swift */ = {isa = PBXFileReference; fileEncoding = 4; lastKnownFileType = sourcecode.swift; path = "Error+Extension.swift"; sourceTree = "<group>"; };
		7D60D3682AECF1E2007B6513 /* Encodable+Extension.swift */ = {isa = PBXFileReference; fileEncoding = 4; lastKnownFileType = sourcecode.swift; path = "Encodable+Extension.swift"; sourceTree = "<group>"; };
		7D60D3692AECF1E2007B6513 /* Locale+Extension.swift */ = {isa = PBXFileReference; fileEncoding = 4; lastKnownFileType = sourcecode.swift; path = "Locale+Extension.swift"; sourceTree = "<group>"; };
		7D60D36A2AECF1E2007B6513 /* Data+Extension.swift */ = {isa = PBXFileReference; fileEncoding = 4; lastKnownFileType = sourcecode.swift; path = "Data+Extension.swift"; sourceTree = "<group>"; };
		7D60D36B2AECF1E2007B6513 /* Array+Extension.swift */ = {isa = PBXFileReference; fileEncoding = 4; lastKnownFileType = sourcecode.swift; path = "Array+Extension.swift"; sourceTree = "<group>"; };
		7D60D36D2AECF1E2007B6513 /* Response+Extension.swift */ = {isa = PBXFileReference; fileEncoding = 4; lastKnownFileType = sourcecode.swift; path = "Response+Extension.swift"; sourceTree = "<group>"; };
		7D60D3832AECF439007B6513 /* Networking.swift */ = {isa = PBXFileReference; fileEncoding = 4; lastKnownFileType = sourcecode.swift; path = Networking.swift; sourceTree = "<group>"; };
		7D60D3852AECF439007B6513 /* SomeAuthenticator.swift */ = {isa = PBXFileReference; fileEncoding = 4; lastKnownFileType = sourcecode.swift; path = SomeAuthenticator.swift; sourceTree = "<group>"; };
		7D60D3862AECF439007B6513 /* Authenticating.swift */ = {isa = PBXFileReference; fileEncoding = 4; lastKnownFileType = sourcecode.swift; path = Authenticating.swift; sourceTree = "<group>"; };
		7D60D3872AECF439007B6513 /* NetworkManager.swift */ = {isa = PBXFileReference; fileEncoding = 4; lastKnownFileType = sourcecode.swift; path = NetworkManager.swift; sourceTree = "<group>"; };
		7D60D3882AECF439007B6513 /* NetworkManager+Debug.swift */ = {isa = PBXFileReference; fileEncoding = 4; lastKnownFileType = sourcecode.swift; path = "NetworkManager+Debug.swift"; sourceTree = "<group>"; };
		7D60D38A2AECF439007B6513 /* JsonResolver.swift */ = {isa = PBXFileReference; fileEncoding = 4; lastKnownFileType = sourcecode.swift; path = JsonResolver.swift; sourceTree = "<group>"; };
		7D60D38C2AECF439007B6513 /* DataProviders.swift */ = {isa = PBXFileReference; fileEncoding = 4; lastKnownFileType = sourcecode.swift; path = DataProviders.swift; sourceTree = "<group>"; };
		7D60D38D2AECF439007B6513 /* DataProviding.swift */ = {isa = PBXFileReference; fileEncoding = 4; lastKnownFileType = sourcecode.swift; path = DataProviding.swift; sourceTree = "<group>"; };
		7D60D3912AECF439007B6513 /* TargetEndPoint.swift */ = {isa = PBXFileReference; fileEncoding = 4; lastKnownFileType = sourcecode.swift; path = TargetEndPoint.swift; sourceTree = "<group>"; };
		7D60D3932AECF439007B6513 /* APIError.swift */ = {isa = PBXFileReference; fileEncoding = 4; lastKnownFileType = sourcecode.swift; path = APIError.swift; sourceTree = "<group>"; };
		7D60D3942AECF439007B6513 /* Errorable.swift */ = {isa = PBXFileReference; fileEncoding = 4; lastKnownFileType = sourcecode.swift; path = Errorable.swift; sourceTree = "<group>"; };
		7D60D3952AECF439007B6513 /* PredefinedError.swift */ = {isa = PBXFileReference; fileEncoding = 4; lastKnownFileType = sourcecode.swift; path = PredefinedError.swift; sourceTree = "<group>"; };
		7D60D3A42AECF5C5007B6513 /* Config.swift */ = {isa = PBXFileReference; fileEncoding = 4; lastKnownFileType = sourcecode.swift; path = Config.swift; sourceTree = "<group>"; };
		7D60D3A62AECF643007B6513 /* Mocks.swift */ = {isa = PBXFileReference; fileEncoding = 4; lastKnownFileType = sourcecode.swift; path = Mocks.swift; sourceTree = "<group>"; };
		7D60D3A82AEE34E6007B6513 /* String+Extension.swift */ = {isa = PBXFileReference; lastKnownFileType = sourcecode.swift; path = "String+Extension.swift"; sourceTree = "<group>"; };
		7D60D3AA2AEE361A007B6513 /* Debug.xcconfig */ = {isa = PBXFileReference; lastKnownFileType = text.xcconfig; path = Debug.xcconfig; sourceTree = "<group>"; };
		7D60D3AB2AEE3624007B6513 /* Release.xcconfig */ = {isa = PBXFileReference; lastKnownFileType = text.xcconfig; path = Release.xcconfig; sourceTree = "<group>"; };
		7D60D3AC2AEE36B0007B6513 /* Info.plist */ = {isa = PBXFileReference; lastKnownFileType = text.plist.xml; path = Info.plist; sourceTree = "<group>"; };
		7D60D3AD2AEED6FE007B6513 /* View+Extension.swift */ = {isa = PBXFileReference; lastKnownFileType = sourcecode.swift; path = "View+Extension.swift"; sourceTree = "<group>"; };
		7D60D3AF2AEEE1D0007B6513 /* PreviewUtilities.swift */ = {isa = PBXFileReference; lastKnownFileType = sourcecode.swift; path = PreviewUtilities.swift; sourceTree = "<group>"; };
		7DF17D922AF01FBF00635B62 /* DemoView.swift */ = {isa = PBXFileReference; lastKnownFileType = sourcecode.swift; path = DemoView.swift; sourceTree = "<group>"; };
		7DF17D962AF0203100635B62 /* DemoService.swift */ = {isa = PBXFileReference; lastKnownFileType = sourcecode.swift; path = DemoService.swift; sourceTree = "<group>"; };
		7DF17D992AF0205D00635B62 /* DemoModel.swift */ = {isa = PBXFileReference; lastKnownFileType = sourcecode.swift; path = DemoModel.swift; sourceTree = "<group>"; };
/* End PBXFileReference section */

/* Begin PBXFrameworksBuildPhase section */
		7D60D3202AECEA0E007B6513 /* Frameworks */ = {
			isa = PBXFrameworksBuildPhase;
			buildActionMask = 2147483647;
			files = (
				7D60D37E2AECF23D007B6513 /* Moya in Frameworks */,
				7D60D37C2AECF23D007B6513 /* CombineMoya in Frameworks */,
				7D60D3822AECF23D007B6513 /* RxMoya in Frameworks */,
				7D60D3802AECF23D007B6513 /* ReactiveMoya in Frameworks */,
			);
			runOnlyForDeploymentPostprocessing = 0;
		};
/* End PBXFrameworksBuildPhase section */

/* Begin PBXGroup section */
		7D60D31A2AECEA0E007B6513 = {
			isa = PBXGroup;
			children = (
				7D60D3252AECEA0E007B6513 /* SwiftUI-Viper-Template */,
				7D60D3242AECEA0E007B6513 /* Products */,
			);
			sourceTree = "<group>";
		};
		7D60D3242AECEA0E007B6513 /* Products */ = {
			isa = PBXGroup;
			children = (
				7D60D3232AECEA0E007B6513 /* SwiftUI-Viper-Template.app */,
			);
			name = Products;
			sourceTree = "<group>";
		};
		7D60D3252AECEA0E007B6513 /* SwiftUI-Viper-Template */ = {
			isa = PBXGroup;
			children = (
				7D60D3352AECEDEF007B6513 /* Base */,
				7DF17D982AF0205000635B62 /* Model */,
				7D60D3372AECEE01007B6513 /* Module */,
				7D60D3382AECEE0B007B6513 /* Networking */,
				7DF17D952AF0202200635B62 /* Services */,
				7D60D33A2AECEE1E007B6513 /* Support */,
				7D60D33B2AECEE29007B6513 /* Utility */,
				7D60D3B52AEFAA48007B6513 /* View */,
			);
			path = "SwiftUI-Viper-Template";
			sourceTree = "<group>";
		};
		7D60D3352AECEDEF007B6513 /* Base */ = {
			isa = PBXGroup;
			children = (
				7D60D3492AECEFB8007B6513 /* AppController.swift */,
				7D60D3522AECF070007B6513 /* AppCoordinator.swift */,
				7D60D3482AECEFB8007B6513 /* AppData.swift */,
				7D60D3472AECEFB8007B6513 /* Constants.swift */,
				7D60D3452AECEFB8007B6513 /* Interactor.swift */,
				7D60D3462AECEFB8007B6513 /* Services.swift */,
				7D60D3262AECEA0E007B6513 /* SwiftUI_Viper_TemplateApp.swift */,
			);
			path = Base;
			sourceTree = "<group>";
		};
		7D60D3372AECEE01007B6513 /* Module */ = {
			isa = PBXGroup;
			children = (
				7D60D3442AECEEC4007B6513 /* Main */,
			);
			path = Module;
			sourceTree = "<group>";
		};
		7D60D3382AECEE0B007B6513 /* Networking */ = {
			isa = PBXGroup;
			children = (
				7D60D3862AECF439007B6513 /* Authenticating.swift */,
				7D60D3832AECF439007B6513 /* Networking.swift */,
				7D60D3872AECF439007B6513 /* NetworkManager.swift */,
				7D60D3882AECF439007B6513 /* NetworkManager+Debug.swift */,
				7D60D3912AECF439007B6513 /* TargetEndPoint.swift */,
				7D60D3842AECF439007B6513 /* Authenticators */,
				7D60D38B2AECF439007B6513 /* Data Providers */,
				7D60D3922AECF439007B6513 /* Errors */,
				7D60D3892AECF439007B6513 /* JsonResolver */,
			);
			path = Networking;
			sourceTree = "<group>";
		};
		7D60D33A2AECEE1E007B6513 /* Support */ = {
			isa = PBXGroup;
			children = (
				7D60D3402AECEE7B007B6513 /* AppConfig */,
				7D60D3412AECEE82007B6513 /* Mocks */,
				7D60D3422AECEE87007B6513 /* Resources */,
			);
			path = Support;
			sourceTree = "<group>";
		};
		7D60D33B2AECEE29007B6513 /* Utility */ = {
			isa = PBXGroup;
			children = (
				7D60D33D2AECEE51007B6513 /* Extensions */,
				7D60D33F2AECEE61007B6513 /* Modifiers */,
				7D60D33E2AECEE57007B6513 /* Protocols */,
			);
			path = Utility;
			sourceTree = "<group>";
		};
		7D60D33D2AECEE51007B6513 /* Extensions */ = {
			isa = PBXGroup;
			children = (
				7D60D3642AECF1E2007B6513 /* Foundation */,
				7D60D36E2AECF1E2007B6513 /* SwiftUI */,
				7D60D3602AECF1E2007B6513 /* UIKit */,
				7D60D36C2AECF1E2007B6513 /* Moya */,
			);
			path = Extensions;
			sourceTree = "<group>";
		};
		7D60D33E2AECEE57007B6513 /* Protocols */ = {
			isa = PBXGroup;
			children = (
				7D60D34F2AECF03D007B6513 /* Coordinator.swift */,
			);
			path = Protocols;
			sourceTree = "<group>";
		};
		7D60D33F2AECEE61007B6513 /* Modifiers */ = {
			isa = PBXGroup;
			children = (
				7D60D35E2AECF1A7007B6513 /* OnFirstAppear.swift */,
			);
			path = Modifiers;
			sourceTree = "<group>";
		};
		7D60D3402AECEE7B007B6513 /* AppConfig */ = {
			isa = PBXGroup;
			children = (
				7D60D32C2AECEA10007B6513 /* SwiftUI_Viper_Template.entitlements */,
				7D60D3AC2AEE36B0007B6513 /* Info.plist */,
				7D60D3A42AECF5C5007B6513 /* Config.swift */,
				7D60D3AA2AEE361A007B6513 /* Debug.xcconfig */,
				7D60D3AB2AEE3624007B6513 /* Release.xcconfig */,
			);
			path = AppConfig;
			sourceTree = "<group>";
		};
		7D60D3412AECEE82007B6513 /* Mocks */ = {
			isa = PBXGroup;
			children = (
				7D60D3A62AECF643007B6513 /* Mocks.swift */,
			);
			path = Mocks;
			sourceTree = "<group>";
		};
		7D60D3422AECEE87007B6513 /* Resources */ = {
			isa = PBXGroup;
			children = (
				7D60D32A2AECEA10007B6513 /* Assets.xcassets */,
				7D60D3432AECEE96007B6513 /* Preview */,
			);
			path = Resources;
			sourceTree = "<group>";
		};
		7D60D3432AECEE96007B6513 /* Preview */ = {
			isa = PBXGroup;
			children = (
				7D60D32E2AECEA10007B6513 /* Preview Assets.xcassets */,
				7D60D3AF2AEEE1D0007B6513 /* PreviewUtilities.swift */,
			);
			path = Preview;
			sourceTree = "<group>";
		};
		7D60D3442AECEEC4007B6513 /* Main */ = {
			isa = PBXGroup;
			children = (
				7D60D3562AECF124007B6513 /* MainScreenInteractor.swift */,
				7D60D3572AECF124007B6513 /* MainScreenPresenter.swift */,
				7D60D3542AECF124007B6513 /* MainScreenRouter.swift */,
				7D60D3582AECF124007B6513 /* MainScreenView.swift */,
				7D60D3552AECF124007B6513 /* MainScreenWireframe.swift */,
			);
			path = Main;
			sourceTree = "<group>";
		};
		7D60D3602AECF1E2007B6513 /* UIKit */ = {
			isa = PBXGroup;
			children = (
				7D60D3622AECF1E2007B6513 /* UIImage+BlurHash.swift */,
				7D60D3632AECF1E2007B6513 /* UINavigationController+Extension.swift */,
				7D60D3612AECF1E2007B6513 /* UIWindow+Extension.swift */,
			);
			path = UIKit;
			sourceTree = "<group>";
		};
		7D60D3642AECF1E2007B6513 /* Foundation */ = {
			isa = PBXGroup;
			children = (
				7D60D36B2AECF1E2007B6513 /* Array+Extension.swift */,
				7D60D36A2AECF1E2007B6513 /* Data+Extension.swift */,
				7D60D3662AECF1E2007B6513 /* Date+Extension.swift */,
				7D60D3682AECF1E2007B6513 /* Encodable+Extension.swift */,
				7D60D3672AECF1E2007B6513 /* Error+Extension.swift */,
				7D60D3652AECF1E2007B6513 /* Int+Extension.swift */,
				7D60D3692AECF1E2007B6513 /* Locale+Extension.swift */,
				7D60D3A82AEE34E6007B6513 /* String+Extension.swift */,
			);
			path = Foundation;
			sourceTree = "<group>";
		};
		7D60D36C2AECF1E2007B6513 /* Moya */ = {
			isa = PBXGroup;
			children = (
				7D60D36D2AECF1E2007B6513 /* Response+Extension.swift */,
			);
			path = Moya;
			sourceTree = "<group>";
		};
		7D60D36E2AECF1E2007B6513 /* SwiftUI */ = {
			isa = PBXGroup;
			children = (
				7D60D3AD2AEED6FE007B6513 /* View+Extension.swift */,
			);
			path = SwiftUI;
			sourceTree = "<group>";
		};
		7D60D3842AECF439007B6513 /* Authenticators */ = {
			isa = PBXGroup;
			children = (
				7D60D3852AECF439007B6513 /* SomeAuthenticator.swift */,
			);
			path = Authenticators;
			sourceTree = "<group>";
		};
		7D60D3892AECF439007B6513 /* JsonResolver */ = {
			isa = PBXGroup;
			children = (
				7D60D38A2AECF439007B6513 /* JsonResolver.swift */,
			);
			path = JsonResolver;
			sourceTree = "<group>";
		};
		7D60D38B2AECF439007B6513 /* Data Providers */ = {
			isa = PBXGroup;
			children = (
				7D60D38C2AECF439007B6513 /* DataProviders.swift */,
				7D60D38D2AECF439007B6513 /* DataProviding.swift */,
			);
			path = "Data Providers";
			sourceTree = "<group>";
		};
		7D60D3922AECF439007B6513 /* Errors */ = {
			isa = PBXGroup;
			children = (
				7D60D3932AECF439007B6513 /* APIError.swift */,
				7D60D3942AECF439007B6513 /* Errorable.swift */,
				7D60D3952AECF439007B6513 /* PredefinedError.swift */,
			);
			path = Errors;
			sourceTree = "<group>";
		};
		7D60D3B52AEFAA48007B6513 /* View */ = {
			isa = PBXGroup;
			children = (
				7DF17D922AF01FBF00635B62 /* DemoView.swift */,
			);
			path = View;
			sourceTree = "<group>";
		};
		7DF17D952AF0202200635B62 /* Services */ = {
			isa = PBXGroup;
			children = (
				7DF17D962AF0203100635B62 /* DemoService.swift */,
			);
			path = Services;
			sourceTree = "<group>";
		};
		7DF17D982AF0205000635B62 /* Model */ = {
			isa = PBXGroup;
			children = (
				7DF17D992AF0205D00635B62 /* DemoModel.swift */,
			);
			path = Model;
			sourceTree = "<group>";
		};
/* End PBXGroup section */

/* Begin PBXNativeTarget section */
		7D60D3222AECEA0E007B6513 /* SwiftUI-Viper-Template */ = {
			isa = PBXNativeTarget;
			buildConfigurationList = 7D60D3322AECEA10007B6513 /* Build configuration list for PBXNativeTarget "SwiftUI-Viper-Template" */;
			buildPhases = (
				7D60D31F2AECEA0E007B6513 /* Sources */,
				7D60D3202AECEA0E007B6513 /* Frameworks */,
				7D60D3212AECEA0E007B6513 /* Resources */,
			);
			buildRules = (
			);
			dependencies = (
			);
			name = "SwiftUI-Viper-Template";
			packageProductDependencies = (
				7D60D37B2AECF23D007B6513 /* CombineMoya */,
				7D60D37D2AECF23D007B6513 /* Moya */,
				7D60D37F2AECF23D007B6513 /* ReactiveMoya */,
				7D60D3812AECF23D007B6513 /* RxMoya */,
			);
			productName = "SwiftUI-Viper-Template";
			productReference = 7D60D3232AECEA0E007B6513 /* SwiftUI-Viper-Template.app */;
			productType = "com.apple.product-type.application";
		};
/* End PBXNativeTarget section */

/* Begin PBXProject section */
		7D60D31B2AECEA0E007B6513 /* Project object */ = {
			isa = PBXProject;
			attributes = {
				BuildIndependentTargetsInParallel = 1;
				LastSwiftUpdateCheck = 1500;
				LastUpgradeCheck = 1500;
				TargetAttributes = {
					7D60D3222AECEA0E007B6513 = {
						CreatedOnToolsVersion = 15.0;
					};
				};
			};
			buildConfigurationList = 7D60D31E2AECEA0E007B6513 /* Build configuration list for PBXProject "SwiftUI-Viper-Template" */;
			compatibilityVersion = "Xcode 14.0";
			developmentRegion = en;
			hasScannedForEncodings = 0;
			knownRegions = (
				en,
				Base,
			);
			mainGroup = 7D60D31A2AECEA0E007B6513;
			packageReferences = (
				7D60D37A2AECF23D007B6513 /* XCRemoteSwiftPackageReference "Moya" */,
			);
			productRefGroup = 7D60D3242AECEA0E007B6513 /* Products */;
			projectDirPath = "";
			projectRoot = "";
			targets = (
				7D60D3222AECEA0E007B6513 /* SwiftUI-Viper-Template */,
			);
		};
/* End PBXProject section */

/* Begin PBXResourcesBuildPhase section */
		7D60D3212AECEA0E007B6513 /* Resources */ = {
			isa = PBXResourcesBuildPhase;
			buildActionMask = 2147483647;
			files = (
				7D60D32F2AECEA10007B6513 /* Preview Assets.xcassets in Resources */,
				7D60D32B2AECEA10007B6513 /* Assets.xcassets in Resources */,
			);
			runOnlyForDeploymentPostprocessing = 0;
		};
/* End PBXResourcesBuildPhase section */

/* Begin PBXSourcesBuildPhase section */
		7D60D31F2AECEA0E007B6513 /* Sources */ = {
			isa = PBXSourcesBuildPhase;
			buildActionMask = 2147483647;
			files = (
				7D60D3502AECF03D007B6513 /* Coordinator.swift in Sources */,
				7D60D34C2AECEFB8007B6513 /* Constants.swift in Sources */,
				7D60D3A52AECF5C5007B6513 /* Config.swift in Sources */,
				7DF17D932AF01FBF00635B62 /* DemoView.swift in Sources */,
				7D60D34A2AECEFB8007B6513 /* Interactor.swift in Sources */,
				7D60D3962AECF439007B6513 /* Networking.swift in Sources */,
				7D60D3A72AECF643007B6513 /* Mocks.swift in Sources */,
				7D60D3722AECF1E2007B6513 /* Int+Extension.swift in Sources */,
				7D60D3592AECF124007B6513 /* MainScreenRouter.swift in Sources */,
				7D60D3A92AEE34E6007B6513 /* String+Extension.swift in Sources */,
				7DF17D972AF0203100635B62 /* DemoService.swift in Sources */,
				7D60D39C2AECF439007B6513 /* DataProviders.swift in Sources */,
				7D60D34B2AECEFB8007B6513 /* Services.swift in Sources */,
				7D60D35B2AECF124007B6513 /* MainScreenInteractor.swift in Sources */,
				7D60D3A12AECF439007B6513 /* APIError.swift in Sources */,
				7D60D3B02AEEE1D0007B6513 /* PreviewUtilities.swift in Sources */,
				7D60D3702AECF1E2007B6513 /* UIImage+BlurHash.swift in Sources */,
				7D60D3A22AECF439007B6513 /* Errorable.swift in Sources */,
				7D60D35A2AECF124007B6513 /* MainScreenWireframe.swift in Sources */,
				7DF17D9A2AF0205D00635B62 /* DemoModel.swift in Sources */,
				7D60D3272AECEA0E007B6513 /* SwiftUI_Viper_TemplateApp.swift in Sources */,
				7D60D35D2AECF124007B6513 /* MainScreenView.swift in Sources */,
				7D60D3AE2AEED6FE007B6513 /* View+Extension.swift in Sources */,
				7D60D3532AECF070007B6513 /* AppCoordinator.swift in Sources */,
				7D60D3772AECF1E2007B6513 /* Data+Extension.swift in Sources */,
				7D60D3992AECF439007B6513 /* NetworkManager.swift in Sources */,
				7D60D34D2AECEFB8007B6513 /* AppData.swift in Sources */,
				7D60D39D2AECF439007B6513 /* DataProviding.swift in Sources */,
				7D60D3762AECF1E2007B6513 /* Locale+Extension.swift in Sources */,
				7D60D3782AECF1E2007B6513 /* Array+Extension.swift in Sources */,
				7D60D39B2AECF439007B6513 /* JsonResolver.swift in Sources */,
				7D60D36F2AECF1E2007B6513 /* UIWindow+Extension.swift in Sources */,
				7D60D3742AECF1E2007B6513 /* Error+Extension.swift in Sources */,
				7D60D3982AECF439007B6513 /* Authenticating.swift in Sources */,
				7D60D35C2AECF124007B6513 /* MainScreenPresenter.swift in Sources */,
				7D60D3792AECF1E2007B6513 /* Response+Extension.swift in Sources */,
				7D60D35F2AECF1A7007B6513 /* OnFirstAppear.swift in Sources */,
				7D60D3752AECF1E2007B6513 /* Encodable+Extension.swift in Sources */,
				7D60D34E2AECEFB8007B6513 /* AppController.swift in Sources */,
				7D60D3A02AECF439007B6513 /* TargetEndPoint.swift in Sources */,
				7D60D3732AECF1E2007B6513 /* Date+Extension.swift in Sources */,
				7D60D3712AECF1E2007B6513 /* UINavigationController+Extension.swift in Sources */,
				7D60D39A2AECF439007B6513 /* NetworkManager+Debug.swift in Sources */,
				7D60D3972AECF439007B6513 /* SomeAuthenticator.swift in Sources */,
				7D60D3A32AECF439007B6513 /* PredefinedError.swift in Sources */,
			);
			runOnlyForDeploymentPostprocessing = 0;
		};
/* End PBXSourcesBuildPhase section */

/* Begin XCBuildConfiguration section */
		7D60D3302AECEA10007B6513 /* Debug */ = {
			isa = XCBuildConfiguration;
			baseConfigurationReference = 7D60D3AA2AEE361A007B6513 /* Debug.xcconfig */;
			buildSettings = {
				ALWAYS_SEARCH_USER_PATHS = NO;
				ASSETCATALOG_COMPILER_GENERATE_SWIFT_ASSET_SYMBOL_EXTENSIONS = YES;
				CLANG_ANALYZER_NONNULL = YES;
				CLANG_ANALYZER_NUMBER_OBJECT_CONVERSION = YES_AGGRESSIVE;
				CLANG_CXX_LANGUAGE_STANDARD = "gnu++20";
				CLANG_ENABLE_MODULES = YES;
				CLANG_ENABLE_OBJC_ARC = YES;
				CLANG_ENABLE_OBJC_WEAK = YES;
				CLANG_WARN_BLOCK_CAPTURE_AUTORELEASING = YES;
				CLANG_WARN_BOOL_CONVERSION = YES;
				CLANG_WARN_COMMA = YES;
				CLANG_WARN_CONSTANT_CONVERSION = YES;
				CLANG_WARN_DEPRECATED_OBJC_IMPLEMENTATIONS = YES;
				CLANG_WARN_DIRECT_OBJC_ISA_USAGE = YES_ERROR;
				CLANG_WARN_DOCUMENTATION_COMMENTS = YES;
				CLANG_WARN_EMPTY_BODY = YES;
				CLANG_WARN_ENUM_CONVERSION = YES;
				CLANG_WARN_INFINITE_RECURSION = YES;
				CLANG_WARN_INT_CONVERSION = YES;
				CLANG_WARN_NON_LITERAL_NULL_CONVERSION = YES;
				CLANG_WARN_OBJC_IMPLICIT_RETAIN_SELF = YES;
				CLANG_WARN_OBJC_LITERAL_CONVERSION = YES;
				CLANG_WARN_OBJC_ROOT_CLASS = YES_ERROR;
				CLANG_WARN_QUOTED_INCLUDE_IN_FRAMEWORK_HEADER = YES;
				CLANG_WARN_RANGE_LOOP_ANALYSIS = YES;
				CLANG_WARN_STRICT_PROTOTYPES = YES;
				CLANG_WARN_SUSPICIOUS_MOVE = YES;
				CLANG_WARN_UNGUARDED_AVAILABILITY = YES_AGGRESSIVE;
				CLANG_WARN_UNREACHABLE_CODE = YES;
				CLANG_WARN__DUPLICATE_METHOD_MATCH = YES;
				COPY_PHASE_STRIP = NO;
				DEBUG_INFORMATION_FORMAT = dwarf;
				ENABLE_STRICT_OBJC_MSGSEND = YES;
				ENABLE_TESTABILITY = YES;
				ENABLE_USER_SCRIPT_SANDBOXING = YES;
				GCC_C_LANGUAGE_STANDARD = gnu17;
				GCC_DYNAMIC_NO_PIC = NO;
				GCC_NO_COMMON_BLOCKS = YES;
				GCC_OPTIMIZATION_LEVEL = 0;
				GCC_PREPROCESSOR_DEFINITIONS = (
					"DEBUG=1",
					"$(inherited)",
				);
				GCC_WARN_64_TO_32_BIT_CONVERSION = YES;
				GCC_WARN_ABOUT_RETURN_TYPE = YES_ERROR;
				GCC_WARN_UNDECLARED_SELECTOR = YES;
				GCC_WARN_UNINITIALIZED_AUTOS = YES_AGGRESSIVE;
				GCC_WARN_UNUSED_FUNCTION = YES;
				GCC_WARN_UNUSED_VARIABLE = YES;
				LOCALIZATION_PREFERS_STRING_CATALOGS = YES;
				MTL_ENABLE_DEBUG_INFO = INCLUDE_SOURCE;
				MTL_FAST_MATH = YES;
				ONLY_ACTIVE_ARCH = YES;
				SWIFT_ACTIVE_COMPILATION_CONDITIONS = "DEBUG $(inherited)";
				SWIFT_OPTIMIZATION_LEVEL = "-Onone";
			};
			name = Debug;
		};
		7D60D3312AECEA10007B6513 /* Release */ = {
			isa = XCBuildConfiguration;
			baseConfigurationReference = 7D60D3AB2AEE3624007B6513 /* Release.xcconfig */;
			buildSettings = {
				ALWAYS_SEARCH_USER_PATHS = NO;
				ASSETCATALOG_COMPILER_GENERATE_SWIFT_ASSET_SYMBOL_EXTENSIONS = YES;
				CLANG_ANALYZER_NONNULL = YES;
				CLANG_ANALYZER_NUMBER_OBJECT_CONVERSION = YES_AGGRESSIVE;
				CLANG_CXX_LANGUAGE_STANDARD = "gnu++20";
				CLANG_ENABLE_MODULES = YES;
				CLANG_ENABLE_OBJC_ARC = YES;
				CLANG_ENABLE_OBJC_WEAK = YES;
				CLANG_WARN_BLOCK_CAPTURE_AUTORELEASING = YES;
				CLANG_WARN_BOOL_CONVERSION = YES;
				CLANG_WARN_COMMA = YES;
				CLANG_WARN_CONSTANT_CONVERSION = YES;
				CLANG_WARN_DEPRECATED_OBJC_IMPLEMENTATIONS = YES;
				CLANG_WARN_DIRECT_OBJC_ISA_USAGE = YES_ERROR;
				CLANG_WARN_DOCUMENTATION_COMMENTS = YES;
				CLANG_WARN_EMPTY_BODY = YES;
				CLANG_WARN_ENUM_CONVERSION = YES;
				CLANG_WARN_INFINITE_RECURSION = YES;
				CLANG_WARN_INT_CONVERSION = YES;
				CLANG_WARN_NON_LITERAL_NULL_CONVERSION = YES;
				CLANG_WARN_OBJC_IMPLICIT_RETAIN_SELF = YES;
				CLANG_WARN_OBJC_LITERAL_CONVERSION = YES;
				CLANG_WARN_OBJC_ROOT_CLASS = YES_ERROR;
				CLANG_WARN_QUOTED_INCLUDE_IN_FRAMEWORK_HEADER = YES;
				CLANG_WARN_RANGE_LOOP_ANALYSIS = YES;
				CLANG_WARN_STRICT_PROTOTYPES = YES;
				CLANG_WARN_SUSPICIOUS_MOVE = YES;
				CLANG_WARN_UNGUARDED_AVAILABILITY = YES_AGGRESSIVE;
				CLANG_WARN_UNREACHABLE_CODE = YES;
				CLANG_WARN__DUPLICATE_METHOD_MATCH = YES;
				COPY_PHASE_STRIP = NO;
				DEBUG_INFORMATION_FORMAT = "dwarf-with-dsym";
				ENABLE_NS_ASSERTIONS = NO;
				ENABLE_STRICT_OBJC_MSGSEND = YES;
				ENABLE_USER_SCRIPT_SANDBOXING = YES;
				GCC_C_LANGUAGE_STANDARD = gnu17;
				GCC_NO_COMMON_BLOCKS = YES;
				GCC_WARN_64_TO_32_BIT_CONVERSION = YES;
				GCC_WARN_ABOUT_RETURN_TYPE = YES_ERROR;
				GCC_WARN_UNDECLARED_SELECTOR = YES;
				GCC_WARN_UNINITIALIZED_AUTOS = YES_AGGRESSIVE;
				GCC_WARN_UNUSED_FUNCTION = YES;
				GCC_WARN_UNUSED_VARIABLE = YES;
				LOCALIZATION_PREFERS_STRING_CATALOGS = YES;
				MTL_ENABLE_DEBUG_INFO = NO;
				MTL_FAST_MATH = YES;
				SWIFT_COMPILATION_MODE = wholemodule;
			};
			name = Release;
		};
		7D60D3332AECEA10007B6513 /* Debug */ = {
			isa = XCBuildConfiguration;
			baseConfigurationReference = 7D60D3AA2AEE361A007B6513 /* Debug.xcconfig */;
			buildSettings = {
				ASSETCATALOG_COMPILER_APPICON_NAME = AppIcon;
				ASSETCATALOG_COMPILER_GLOBAL_ACCENT_COLOR_NAME = AccentColor;
				CODE_SIGN_ENTITLEMENTS = "SwiftUI-Viper-Template/Support/AppConfig/SwiftUI_Viper_Template.entitlements";
				CODE_SIGN_STYLE = Automatic;
				CURRENT_PROJECT_VERSION = 1;
				DEVELOPMENT_ASSET_PATHS = "\"SwiftUI-Viper-Template/Support/Resources/Preview\"";
				DEVELOPMENT_TEAM = 765F9357QN;
				ENABLE_HARDENED_RUNTIME = YES;
				ENABLE_PREVIEWS = YES;
				GENERATE_INFOPLIST_FILE = YES;
				INFOPLIST_FILE = "SwiftUI-Viper-Template/Support/AppConfig/Info.plist";
				"INFOPLIST_KEY_UIApplicationSceneManifest_Generation[sdk=iphoneos*]" = YES;
				"INFOPLIST_KEY_UIApplicationSceneManifest_Generation[sdk=iphonesimulator*]" = YES;
				"INFOPLIST_KEY_UIApplicationSupportsIndirectInputEvents[sdk=iphoneos*]" = YES;
				"INFOPLIST_KEY_UIApplicationSupportsIndirectInputEvents[sdk=iphonesimulator*]" = YES;
				"INFOPLIST_KEY_UILaunchScreen_Generation[sdk=iphoneos*]" = YES;
				"INFOPLIST_KEY_UILaunchScreen_Generation[sdk=iphonesimulator*]" = YES;
				"INFOPLIST_KEY_UIStatusBarStyle[sdk=iphoneos*]" = UIStatusBarStyleDefault;
				"INFOPLIST_KEY_UIStatusBarStyle[sdk=iphonesimulator*]" = UIStatusBarStyleDefault;
				INFOPLIST_KEY_UISupportedInterfaceOrientations_iPad = "UIInterfaceOrientationPortrait UIInterfaceOrientationPortraitUpsideDown UIInterfaceOrientationLandscapeLeft UIInterfaceOrientationLandscapeRight";
				INFOPLIST_KEY_UISupportedInterfaceOrientations_iPhone = "UIInterfaceOrientationPortrait UIInterfaceOrientationLandscapeLeft UIInterfaceOrientationLandscapeRight";
				IPHONEOS_DEPLOYMENT_TARGET = 17.0;
				LD_RUNPATH_SEARCH_PATHS = "@executable_path/Frameworks";
				"LD_RUNPATH_SEARCH_PATHS[sdk=macosx*]" = "@executable_path/../Frameworks";
				MACOSX_DEPLOYMENT_TARGET = 14.0;
				MARKETING_VERSION = 1.0;
				PRODUCT_BUNDLE_IDENTIFIER = "com.tt.SwiftUI-Viper-Template";
				PRODUCT_NAME = "$(TARGET_NAME)";
				SDKROOT = auto;
				SUPPORTED_PLATFORMS = "iphoneos iphonesimulator macosx";
				SWIFT_EMIT_LOC_STRINGS = YES;
				SWIFT_VERSION = 5.0;
				TARGETED_DEVICE_FAMILY = "1,2";
			};
			name = Debug;
		};
		7D60D3342AECEA10007B6513 /* Release */ = {
			isa = XCBuildConfiguration;
			baseConfigurationReference = 7D60D3AB2AEE3624007B6513 /* Release.xcconfig */;
			buildSettings = {
				ASSETCATALOG_COMPILER_APPICON_NAME = AppIcon;
				ASSETCATALOG_COMPILER_GLOBAL_ACCENT_COLOR_NAME = AccentColor;
				CODE_SIGN_ENTITLEMENTS = "SwiftUI-Viper-Template/Support/AppConfig/SwiftUI_Viper_Template.entitlements";
				CODE_SIGN_STYLE = Automatic;
				CURRENT_PROJECT_VERSION = 1;
				DEVELOPMENT_ASSET_PATHS = "\"SwiftUI-Viper-Template/Support/Resources/Preview\"";
				DEVELOPMENT_TEAM = 765F9357QN;
				ENABLE_HARDENED_RUNTIME = YES;
				ENABLE_PREVIEWS = YES;
				GENERATE_INFOPLIST_FILE = YES;
				INFOPLIST_FILE = "SwiftUI-Viper-Template/Support/AppConfig/Info.plist";
				"INFOPLIST_KEY_UIApplicationSceneManifest_Generation[sdk=iphoneos*]" = YES;
				"INFOPLIST_KEY_UIApplicationSceneManifest_Generation[sdk=iphonesimulator*]" = YES;
				"INFOPLIST_KEY_UIApplicationSupportsIndirectInputEvents[sdk=iphoneos*]" = YES;
				"INFOPLIST_KEY_UIApplicationSupportsIndirectInputEvents[sdk=iphonesimulator*]" = YES;
				"INFOPLIST_KEY_UILaunchScreen_Generation[sdk=iphoneos*]" = YES;
				"INFOPLIST_KEY_UILaunchScreen_Generation[sdk=iphonesimulator*]" = YES;
				"INFOPLIST_KEY_UIStatusBarStyle[sdk=iphoneos*]" = UIStatusBarStyleDefault;
				"INFOPLIST_KEY_UIStatusBarStyle[sdk=iphonesimulator*]" = UIStatusBarStyleDefault;
				INFOPLIST_KEY_UISupportedInterfaceOrientations_iPad = "UIInterfaceOrientationPortrait UIInterfaceOrientationPortraitUpsideDown UIInterfaceOrientationLandscapeLeft UIInterfaceOrientationLandscapeRight";
				INFOPLIST_KEY_UISupportedInterfaceOrientations_iPhone = "UIInterfaceOrientationPortrait UIInterfaceOrientationLandscapeLeft UIInterfaceOrientationLandscapeRight";
				IPHONEOS_DEPLOYMENT_TARGET = 17.0;
				LD_RUNPATH_SEARCH_PATHS = "@executable_path/Frameworks";
				"LD_RUNPATH_SEARCH_PATHS[sdk=macosx*]" = "@executable_path/../Frameworks";
				MACOSX_DEPLOYMENT_TARGET = 14.0;
				MARKETING_VERSION = 1.0;
				PRODUCT_BUNDLE_IDENTIFIER = "com.tt.SwiftUI-Viper-Template";
				PRODUCT_NAME = "$(TARGET_NAME)";
				SDKROOT = auto;
				SUPPORTED_PLATFORMS = "iphoneos iphonesimulator macosx";
				SWIFT_EMIT_LOC_STRINGS = YES;
				SWIFT_VERSION = 5.0;
				TARGETED_DEVICE_FAMILY = "1,2";
			};
			name = Release;
		};
/* End XCBuildConfiguration section */

/* Begin XCConfigurationList section */
		7D60D31E2AECEA0E007B6513 /* Build configuration list for PBXProject "SwiftUI-Viper-Template" */ = {
			isa = XCConfigurationList;
			buildConfigurations = (
				7D60D3302AECEA10007B6513 /* Debug */,
				7D60D3312AECEA10007B6513 /* Release */,
			);
			defaultConfigurationIsVisible = 0;
			defaultConfigurationName = Release;
		};
		7D60D3322AECEA10007B6513 /* Build configuration list for PBXNativeTarget "SwiftUI-Viper-Template" */ = {
			isa = XCConfigurationList;
			buildConfigurations = (
				7D60D3332AECEA10007B6513 /* Debug */,
				7D60D3342AECEA10007B6513 /* Release */,
			);
			defaultConfigurationIsVisible = 0;
			defaultConfigurationName = Release;
		};
/* End XCConfigurationList section */

/* Begin XCRemoteSwiftPackageReference section */
		7D60D37A2AECF23D007B6513 /* XCRemoteSwiftPackageReference "Moya" */ = {
			isa = XCRemoteSwiftPackageReference;
			repositoryURL = "https://github.com/Moya/Moya.git";
			requirement = {
				kind = upToNextMajorVersion;
				minimumVersion = 15.0.3;
			};
		};
/* End XCRemoteSwiftPackageReference section */

/* Begin XCSwiftPackageProductDependency section */
		7D60D37B2AECF23D007B6513 /* CombineMoya */ = {
			isa = XCSwiftPackageProductDependency;
			package = 7D60D37A2AECF23D007B6513 /* XCRemoteSwiftPackageReference "Moya" */;
			productName = CombineMoya;
		};
		7D60D37D2AECF23D007B6513 /* Moya */ = {
			isa = XCSwiftPackageProductDependency;
			package = 7D60D37A2AECF23D007B6513 /* XCRemoteSwiftPackageReference "Moya" */;
			productName = Moya;
		};
		7D60D37F2AECF23D007B6513 /* ReactiveMoya */ = {
			isa = XCSwiftPackageProductDependency;
			package = 7D60D37A2AECF23D007B6513 /* XCRemoteSwiftPackageReference "Moya" */;
			productName = ReactiveMoya;
		};
		7D60D3812AECF23D007B6513 /* RxMoya */ = {
			isa = XCSwiftPackageProductDependency;
			package = 7D60D37A2AECF23D007B6513 /* XCRemoteSwiftPackageReference "Moya" */;
			productName = RxMoya;
		};
/* End XCSwiftPackageProductDependency section */
	};
	rootObject = 7D60D31B2AECEA0E007B6513 /* Project object */;
}
